// !$*UTF8*$!
{
	archiveVersion = 1;
	classes = {
	};
	objectVersion = 50;
	objects = {

/* Begin PBXBuildFile section */
		7843BFCC21DE5F8D00116E89 /* AppDelegate.swift in Sources */ = {isa = PBXBuildFile; fileRef = 7843BFCB21DE5F8D00116E89 /* AppDelegate.swift */; };
		7843BFCE21DE5F8D00116E89 /* ViewController.swift in Sources */ = {isa = PBXBuildFile; fileRef = 7843BFCD21DE5F8D00116E89 /* ViewController.swift */; };
		7843BFD121DE5F8D00116E89 /* Main.storyboard in Resources */ = {isa = PBXBuildFile; fileRef = 7843BFCF21DE5F8D00116E89 /* Main.storyboard */; };
		7843BFD321DE5F8F00116E89 /* Assets.xcassets in Resources */ = {isa = PBXBuildFile; fileRef = 7843BFD221DE5F8F00116E89 /* Assets.xcassets */; };
		7843BFD621DE5F8F00116E89 /* LaunchScreen.storyboard in Resources */ = {isa = PBXBuildFile; fileRef = 7843BFD421DE5F8F00116E89 /* LaunchScreen.storyboard */; };
		7843BFE121DE5F8F00116E89 /* EIASRTests.swift in Sources */ = {isa = PBXBuildFile; fileRef = 7843BFE021DE5F8F00116E89 /* EIASRTests.swift */; };
		78F2C41921DF8C0D00244AB5 /* HandSigns.mlmodel in Sources */ = {isa = PBXBuildFile; fileRef = 78F2C41821DF8C0C00244AB5 /* HandSigns.mlmodel */; };
/* End PBXBuildFile section */

/* Begin PBXContainerItemProxy section */
		7843BFDD21DE5F8F00116E89 /* PBXContainerItemProxy */ = {
			isa = PBXContainerItemProxy;
			containerPortal = 7843BFC021DE5F8D00116E89 /* Project object */;
			proxyType = 1;
			remoteGlobalIDString = 7843BFC721DE5F8D00116E89;
			remoteInfo = EIASR;
		};
/* End PBXContainerItemProxy section */

/* Begin PBXFileReference section */
		7843BFC821DE5F8D00116E89 /* EIASR.app */ = {isa = PBXFileReference; explicitFileType = wrapper.application; includeInIndex = 0; path = EIASR.app; sourceTree = BUILT_PRODUCTS_DIR; };
		7843BFCB21DE5F8D00116E89 /* AppDelegate.swift */ = {isa = PBXFileReference; lastKnownFileType = sourcecode.swift; path = AppDelegate.swift; sourceTree = "<group>"; };
		7843BFCD21DE5F8D00116E89 /* ViewController.swift */ = {isa = PBXFileReference; lastKnownFileType = sourcecode.swift; path = ViewController.swift; sourceTree = "<group>"; };
		7843BFD021DE5F8D00116E89 /* Base */ = {isa = PBXFileReference; lastKnownFileType = file.storyboard; name = Base; path = Base.lproj/Main.storyboard; sourceTree = "<group>"; };
		7843BFD221DE5F8F00116E89 /* Assets.xcassets */ = {isa = PBXFileReference; lastKnownFileType = folder.assetcatalog; path = Assets.xcassets; sourceTree = "<group>"; };
		7843BFD521DE5F8F00116E89 /* Base */ = {isa = PBXFileReference; lastKnownFileType = file.storyboard; name = Base; path = Base.lproj/LaunchScreen.storyboard; sourceTree = "<group>"; };
		7843BFD721DE5F8F00116E89 /* Info.plist */ = {isa = PBXFileReference; lastKnownFileType = text.plist.xml; path = Info.plist; sourceTree = "<group>"; };
		7843BFDC21DE5F8F00116E89 /* EIASRTests.xctest */ = {isa = PBXFileReference; explicitFileType = wrapper.cfbundle; includeInIndex = 0; path = EIASRTests.xctest; sourceTree = BUILT_PRODUCTS_DIR; };
		7843BFE021DE5F8F00116E89 /* EIASRTests.swift */ = {isa = PBXFileReference; lastKnownFileType = sourcecode.swift; path = EIASRTests.swift; sourceTree = "<group>"; };
		7843BFE221DE5F8F00116E89 /* Info.plist */ = {isa = PBXFileReference; lastKnownFileType = text.plist.xml; path = Info.plist; sourceTree = "<group>"; };
		78F2C41821DF8C0C00244AB5 /* HandSigns.mlmodel */ = {isa = PBXFileReference; lastKnownFileType = file.mlmodel; name = HandSigns.mlmodel; path = Model/HandSigns.mlmodel; sourceTree = SOURCE_ROOT; };
/* End PBXFileReference section */

/* Begin PBXFrameworksBuildPhase section */
		7843BFC521DE5F8D00116E89 /* Frameworks */ = {
			isa = PBXFrameworksBuildPhase;
			buildActionMask = 2147483647;
			files = (
			);
			runOnlyForDeploymentPostprocessing = 0;
		};
		7843BFD921DE5F8F00116E89 /* Frameworks */ = {
			isa = PBXFrameworksBuildPhase;
			buildActionMask = 2147483647;
			files = (
			);
			runOnlyForDeploymentPostprocessing = 0;
		};
/* End PBXFrameworksBuildPhase section */

/* Begin PBXGroup section */
		7843BFBF21DE5F8D00116E89 = {
			isa = PBXGroup;
			children = (
				7843BFCA21DE5F8D00116E89 /* EIASR */,
				7843BFDF21DE5F8F00116E89 /* EIASRTests */,
				7843BFC921DE5F8D00116E89 /* Products */,
			);
			sourceTree = "<group>";
		};
		7843BFC921DE5F8D00116E89 /* Products */ = {
			isa = PBXGroup;
			children = (
				7843BFC821DE5F8D00116E89 /* EIASR.app */,
				7843BFDC21DE5F8F00116E89 /* EIASRTests.xctest */,
			);
			name = Products;
			sourceTree = "<group>";
		};
		7843BFCA21DE5F8D00116E89 /* EIASR */ = {
			isa = PBXGroup;
			children = (
				7843BFCB21DE5F8D00116E89 /* AppDelegate.swift */,
				7843BFCD21DE5F8D00116E89 /* ViewController.swift */,
				7843BFCF21DE5F8D00116E89 /* Main.storyboard */,
				78F2C41821DF8C0C00244AB5 /* HandSigns.mlmodel */,
				7843BFD221DE5F8F00116E89 /* Assets.xcassets */,
				7843BFD421DE5F8F00116E89 /* LaunchScreen.storyboard */,
				7843BFD721DE5F8F00116E89 /* Info.plist */,
			);
			path = EIASR;
			sourceTree = "<group>";
		};
		7843BFDF21DE5F8F00116E89 /* EIASRTests */ = {
			isa = PBXGroup;
			children = (
				7843BFE021DE5F8F00116E89 /* EIASRTests.swift */,
				7843BFE221DE5F8F00116E89 /* Info.plist */,
			);
			path = EIASRTests;
			sourceTree = "<group>";
		};
/* End PBXGroup section */

/* Begin PBXNativeTarget section */
		7843BFC721DE5F8D00116E89 /* EIASR */ = {
			isa = PBXNativeTarget;
			buildConfigurationList = 7843BFE521DE5F8F00116E89 /* Build configuration list for PBXNativeTarget "EIASR" */;
			buildPhases = (
				7843BFC421DE5F8D00116E89 /* Sources */,
				7843BFC521DE5F8D00116E89 /* Frameworks */,
				7843BFC621DE5F8D00116E89 /* Resources */,
			);
			buildRules = (
			);
			dependencies = (
			);
			name = EIASR;
			productName = EIASR;
			productReference = 7843BFC821DE5F8D00116E89 /* EIASR.app */;
			productType = "com.apple.product-type.application";
		};
		7843BFDB21DE5F8F00116E89 /* EIASRTests */ = {
			isa = PBXNativeTarget;
			buildConfigurationList = 7843BFE821DE5F8F00116E89 /* Build configuration list for PBXNativeTarget "EIASRTests" */;
			buildPhases = (
				7843BFD821DE5F8F00116E89 /* Sources */,
				7843BFD921DE5F8F00116E89 /* Frameworks */,
				7843BFDA21DE5F8F00116E89 /* Resources */,
			);
			buildRules = (
			);
			dependencies = (
				7843BFDE21DE5F8F00116E89 /* PBXTargetDependency */,
			);
			name = EIASRTests;
			productName = EIASRTests;
			productReference = 7843BFDC21DE5F8F00116E89 /* EIASRTests.xctest */;
			productType = "com.apple.product-type.bundle.unit-test";
		};
/* End PBXNativeTarget section */

/* Begin PBXProject section */
		7843BFC021DE5F8D00116E89 /* Project object */ = {
			isa = PBXProject;
			attributes = {
				LastSwiftUpdateCheck = 1010;
				LastUpgradeCheck = 1010;
				ORGANIZATIONNAME = "Jaka Tertinek";
				TargetAttributes = {
					7843BFC721DE5F8D00116E89 = {
						CreatedOnToolsVersion = 10.1;
					};
					7843BFDB21DE5F8F00116E89 = {
						CreatedOnToolsVersion = 10.1;
						TestTargetID = 7843BFC721DE5F8D00116E89;
					};
				};
			};
			buildConfigurationList = 7843BFC321DE5F8D00116E89 /* Build configuration list for PBXProject "EIASR" */;
			compatibilityVersion = "Xcode 9.3";
			developmentRegion = en;
			hasScannedForEncodings = 0;
			knownRegions = (
				en,
				Base,
			);
			mainGroup = 7843BFBF21DE5F8D00116E89;
			productRefGroup = 7843BFC921DE5F8D00116E89 /* Products */;
			projectDirPath = "";
			projectRoot = "";
			targets = (
				7843BFC721DE5F8D00116E89 /* EIASR */,
				7843BFDB21DE5F8F00116E89 /* EIASRTests */,
			);
		};
/* End PBXProject section */

/* Begin PBXResourcesBuildPhase section */
		7843BFC621DE5F8D00116E89 /* Resources */ = {
			isa = PBXResourcesBuildPhase;
			buildActionMask = 2147483647;
			files = (
				7843BFD621DE5F8F00116E89 /* LaunchScreen.storyboard in Resources */,
				7843BFD321DE5F8F00116E89 /* Assets.xcassets in Resources */,
				7843BFD121DE5F8D00116E89 /* Main.storyboard in Resources */,
			);
			runOnlyForDeploymentPostprocessing = 0;
		};
		7843BFDA21DE5F8F00116E89 /* Resources */ = {
			isa = PBXResourcesBuildPhase;
			buildActionMask = 2147483647;
			files = (
			);
			runOnlyForDeploymentPostprocessing = 0;
		};
/* End PBXResourcesBuildPhase section */

/* Begin PBXSourcesBuildPhase section */
		7843BFC421DE5F8D00116E89 /* Sources */ = {
			isa = PBXSourcesBuildPhase;
			buildActionMask = 2147483647;
			files = (
				78F2C41921DF8C0D00244AB5 /* HandSigns.mlmodel in Sources */,
				7843BFCE21DE5F8D00116E89 /* ViewController.swift in Sources */,
				7843BFCC21DE5F8D00116E89 /* AppDelegate.swift in Sources */,
			);
			runOnlyForDeploymentPostprocessing = 0;
		};
		7843BFD821DE5F8F00116E89 /* Sources */ = {
			isa = PBXSourcesBuildPhase;
			buildActionMask = 2147483647;
			files = (
				7843BFE121DE5F8F00116E89 /* EIASRTests.swift in Sources */,
			);
			runOnlyForDeploymentPostprocessing = 0;
		};
/* End PBXSourcesBuildPhase section */

/* Begin PBXTargetDependency section */
		7843BFDE21DE5F8F00116E89 /* PBXTargetDependency */ = {
			isa = PBXTargetDependency;
			target = 7843BFC721DE5F8D00116E89 /* EIASR */;
			targetProxy = 7843BFDD21DE5F8F00116E89 /* PBXContainerItemProxy */;
		};
/* End PBXTargetDependency section */

/* Begin PBXVariantGroup section */
		7843BFCF21DE5F8D00116E89 /* Main.storyboard */ = {
			isa = PBXVariantGroup;
			children = (
				7843BFD021DE5F8D00116E89 /* Base */,
			);
			name = Main.storyboard;
			sourceTree = "<group>";
		};
		7843BFD421DE5F8F00116E89 /* LaunchScreen.storyboard */ = {
			isa = PBXVariantGroup;
			children = (
				7843BFD521DE5F8F00116E89 /* Base */,
			);
			name = LaunchScreen.storyboard;
			sourceTree = "<group>";
		};
/* End PBXVariantGroup section */

/* Begin XCBuildConfiguration section */
		7843BFE321DE5F8F00116E89 /* Debug */ = {
			isa = XCBuildConfiguration;
			buildSettings = {
				ALWAYS_SEARCH_USER_PATHS = NO;
				CLANG_ANALYZER_NONNULL = YES;
				CLANG_ANALYZER_NUMBER_OBJECT_CONVERSION = YES_AGGRESSIVE;
				CLANG_CXX_LANGUAGE_STANDARD = "gnu++14";
				CLANG_CXX_LIBRARY = "libc++";
				CLANG_ENABLE_MODULES = YES;
				CLANG_ENABLE_OBJC_ARC = YES;
				CLANG_ENABLE_OBJC_WEAK = YES;
				CLANG_WARN_BLOCK_CAPTURE_AUTORELEASING = YES;
				CLANG_WARN_BOOL_CONVERSION = YES;
				CLANG_WARN_COMMA = YES;
				CLANG_WARN_CONSTANT_CONVERSION = YES;
				CLANG_WARN_DEPRECATED_OBJC_IMPLEMENTATIONS = YES;
				CLANG_WARN_DIRECT_OBJC_ISA_USAGE = YES_ERROR;
				CLANG_WARN_DOCUMENTATION_COMMENTS = YES;
				CLANG_WARN_EMPTY_BODY = YES;
				CLANG_WARN_ENUM_CONVERSION = YES;
				CLANG_WARN_INFINITE_RECURSION = YES;
				CLANG_WARN_INT_CONVERSION = YES;
				CLANG_WARN_NON_LITERAL_NULL_CONVERSION = YES;
				CLANG_WARN_OBJC_IMPLICIT_RETAIN_SELF = YES;
				CLANG_WARN_OBJC_LITERAL_CONVERSION = YES;
				CLANG_WARN_OBJC_ROOT_CLASS = YES_ERROR;
				CLANG_WARN_RANGE_LOOP_ANALYSIS = YES;
				CLANG_WARN_STRICT_PROTOTYPES = YES;
				CLANG_WARN_SUSPICIOUS_MOVE = YES;
				CLANG_WARN_UNGUARDED_AVAILABILITY = YES_AGGRESSIVE;
				CLANG_WARN_UNREACHABLE_CODE = YES;
				CLANG_WARN__DUPLICATE_METHOD_MATCH = YES;
				CODE_SIGN_IDENTITY = "iPhone Developer";
				COPY_PHASE_STRIP = NO;
				DEBUG_INFORMATION_FORMAT = dwarf;
				ENABLE_STRICT_OBJC_MSGSEND = YES;
				ENABLE_TESTABILITY = YES;
				GCC_C_LANGUAGE_STANDARD = gnu11;
				GCC_DYNAMIC_NO_PIC = NO;
				GCC_NO_COMMON_BLOCKS = YES;
				GCC_OPTIMIZATION_LEVEL = 0;
				GCC_PREPROCESSOR_DEFINITIONS = (
					"DEBUG=1",
					"$(inherited)",
				);
				GCC_WARN_64_TO_32_BIT_CONVERSION = YES;
				GCC_WARN_ABOUT_RETURN_TYPE = YES_ERROR;
				GCC_WARN_UNDECLARED_SELECTOR = YES;
				GCC_WARN_UNINITIALIZED_AUTOS = YES_AGGRESSIVE;
				GCC_WARN_UNUSED_FUNCTION = YES;
				GCC_WARN_UNUSED_VARIABLE = YES;
				IPHONEOS_DEPLOYMENT_TARGET = 12.1;
				MTL_ENABLE_DEBUG_INFO = INCLUDE_SOURCE;
				MTL_FAST_MATH = YES;
				ONLY_ACTIVE_ARCH = YES;
				SDKROOT = iphoneos;
				SWIFT_ACTIVE_COMPILATION_CONDITIONS = DEBUG;
				SWIFT_OPTIMIZATION_LEVEL = "-Onone";
			};
			name = Debug;
		};
		7843BFE421DE5F8F00116E89 /* Release */ = {
			isa = XCBuildConfiguration;
			buildSettings = {
				ALWAYS_SEARCH_USER_PATHS = NO;
				CLANG_ANALYZER_NONNULL = YES;
				CLANG_ANALYZER_NUMBER_OBJECT_CONVERSION = YES_AGGRESSIVE;
				CLANG_CXX_LANGUAGE_STANDARD = "gnu++14";
				CLANG_CXX_LIBRARY = "libc++";
				CLANG_ENABLE_MODULES = YES;
				CLANG_ENABLE_OBJC_ARC = YES;
				CLANG_ENABLE_OBJC_WEAK = YES;
				CLANG_WARN_BLOCK_CAPTURE_AUTORELEASING = YES;
				CLANG_WARN_BOOL_CONVERSION = YES;
				CLANG_WARN_COMMA = YES;
				CLANG_WARN_CONSTANT_CONVERSION = YES;
				CLANG_WARN_DEPRECATED_OBJC_IMPLEMENTATIONS = YES;
				CLANG_WARN_DIRECT_OBJC_ISA_USAGE = YES_ERROR;
				CLANG_WARN_DOCUMENTATION_COMMENTS = YES;
				CLANG_WARN_EMPTY_BODY = YES;
				CLANG_WARN_ENUM_CONVERSION = YES;
				CLANG_WARN_INFINITE_RECURSION = YES;
				CLANG_WARN_INT_CONVERSION = YES;
				CLANG_WARN_NON_LITERAL_NULL_CONVERSION = YES;
				CLANG_WARN_OBJC_IMPLICIT_RETAIN_SELF = YES;
				CLANG_WARN_OBJC_LITERAL_CONVERSION = YES;
				CLANG_WARN_OBJC_ROOT_CLASS = YES_ERROR;
				CLANG_WARN_RANGE_LOOP_ANALYSIS = YES;
				CLANG_WARN_STRICT_PROTOTYPES = YES;
				CLANG_WARN_SUSPICIOUS_MOVE = YES;
				CLANG_WARN_UNGUARDED_AVAILABILITY = YES_AGGRESSIVE;
				CLANG_WARN_UNREACHABLE_CODE = YES;
				CLANG_WARN__DUPLICATE_METHOD_MATCH = YES;
				CODE_SIGN_IDENTITY = "iPhone Developer";
				COPY_PHASE_STRIP = NO;
				DEBUG_INFORMATION_FORMAT = "dwarf-with-dsym";
				ENABLE_NS_ASSERTIONS = NO;
				ENABLE_STRICT_OBJC_MSGSEND = YES;
				GCC_C_LANGUAGE_STANDARD = gnu11;
				GCC_NO_COMMON_BLOCKS = YES;
				GCC_WARN_64_TO_32_BIT_CONVERSION = YES;
				GCC_WARN_ABOUT_RETURN_TYPE = YES_ERROR;
				GCC_WARN_UNDECLARED_SELECTOR = YES;
				GCC_WARN_UNINITIALIZED_AUTOS = YES_AGGRESSIVE;
				GCC_WARN_UNUSED_FUNCTION = YES;
				GCC_WARN_UNUSED_VARIABLE = YES;
				IPHONEOS_DEPLOYMENT_TARGET = 12.1;
				MTL_ENABLE_DEBUG_INFO = NO;
				MTL_FAST_MATH = YES;
				SDKROOT = iphoneos;
				SWIFT_COMPILATION_MODE = wholemodule;
				SWIFT_OPTIMIZATION_LEVEL = "-O";
				VALIDATE_PRODUCT = YES;
			};
			name = Release;
		};
		7843BFE621DE5F8F00116E89 /* Debug */ = {
			isa = XCBuildConfiguration;
			buildSettings = {
				ASSETCATALOG_COMPILER_APPICON_NAME = AppIcon;
				CODE_SIGN_STYLE = Automatic;
				DEVELOPMENT_TEAM = 2G3WFE7R7N;
				INFOPLIST_FILE = EIASR/Info.plist;
				LD_RUNPATH_SEARCH_PATHS = (
					"$(inherited)",
					"@executable_path/Frameworks",
				);
				PRODUCT_BUNDLE_IDENTIFIER = tertoid.EIASR;
				PRODUCT_NAME = "$(TARGET_NAME)";
				SWIFT_VERSION = 4.2;
				TARGETED_DEVICE_FAMILY = "1,2";
			};
			name = Debug;
		};
		7843BFE721DE5F8F00116E89 /* Release */ = {
			isa = XCBuildConfiguration;
			buildSettings = {
				ASSETCATALOG_COMPILER_APPICON_NAME = AppIcon;
				CODE_SIGN_STYLE = Automatic;
				DEVELOPMENT_TEAM = 2G3WFE7R7N;
				INFOPLIST_FILE = EIASR/Info.plist;
				LD_RUNPATH_SEARCH_PATHS = (
					"$(inherited)",
					"@executable_path/Frameworks",
				);
				PRODUCT_BUNDLE_IDENTIFIER = tertoid.EIASR;
				PRODUCT_NAME = "$(TARGET_NAME)";
				SWIFT_VERSION = 4.2;
				TARGETED_DEVICE_FAMILY = "1,2";
			};
			name = Release;
		};
		7843BFE921DE5F8F00116E89 /* Debug */ = {
			isa = XCBuildConfiguration;
			buildSettings = {
				ALWAYS_EMBED_SWIFT_STANDARD_LIBRARIES = YES;
				BUNDLE_LOADER = "$(TEST_HOST)";
				CODE_SIGN_STYLE = Automatic;
				DEVELOPMENT_TEAM = 2G3WFE7R7N;
				INFOPLIST_FILE = EIASRTests/Info.plist;
				LD_RUNPATH_SEARCH_PATHS = (
					"$(inherited)",
					"@executable_path/Frameworks",
					"@loader_path/Frameworks",
				);
				PRODUCT_BUNDLE_IDENTIFIER = tertoid.EIASRTests;
				PRODUCT_NAME = "$(TARGET_NAME)";
				SWIFT_VERSION = 4.2;
				TARGETED_DEVICE_FAMILY = "1,2";
				TEST_HOST = "$(BUILT_PRODUCTS_DIR)/EIASR.app/EIASR";
			};
			name = Debug;
		};
		7843BFEA21DE5F8F00116E89 /* Release */ = {
			isa = XCBuildConfiguration;
			buildSettings = {
				ALWAYS_EMBED_SWIFT_STANDARD_LIBRARIES = YES;
				BUNDLE_LOADER = "$(TEST_HOST)";
				CODE_SIGN_STYLE = Automatic;
				DEVELOPMENT_TEAM = 2G3WFE7R7N;
				INFOPLIST_FILE = EIASRTests/Info.plist;
				LD_RUNPATH_SEARCH_PATHS = (
					"$(inherited)",
					"@executable_path/Frameworks",
					"@loader_path/Frameworks",
				);
				PRODUCT_BUNDLE_IDENTIFIER = tertoid.EIASRTests;
				PRODUCT_NAME = "$(TARGET_NAME)";
				SWIFT_VERSION = 4.2;
				TARGETED_DEVICE_FAMILY = "1,2";
				TEST_HOST = "$(BUILT_PRODUCTS_DIR)/EIASR.app/EIASR";
			};
			name = Release;
		};
/* End XCBuildConfiguration section */

/* Begin XCConfigurationList section */
		7843BFC321DE5F8D00116E89 /* Build configuration list for PBXProject "EIASR" */ = {
			isa = XCConfigurationList;
			buildConfigurations = (
				7843BFE321DE5F8F00116E89 /* Debug */,
				7843BFE421DE5F8F00116E89 /* Release */,
			);
			defaultConfigurationIsVisible = 0;
			defaultConfigurationName = Release;
		};
		7843BFE521DE5F8F00116E89 /* Build configuration list for PBXNativeTarget "EIASR" */ = {
			isa = XCConfigurationList;
			buildConfigurations = (
				7843BFE621DE5F8F00116E89 /* Debug */,
				7843BFE721DE5F8F00116E89 /* Release */,
			);
			defaultConfigurationIsVisible = 0;
			defaultConfigurationName = Release;
		};
		7843BFE821DE5F8F00116E89 /* Build configuration list for PBXNativeTarget "EIASRTests" */ = {
			isa = XCConfigurationList;
			buildConfigurations = (
				7843BFE921DE5F8F00116E89 /* Debug */,
				7843BFEA21DE5F8F00116E89 /* Release */,
			);
			defaultConfigurationIsVisible = 0;
			defaultConfigurationName = Release;
		};
/* End XCConfigurationList section */
	};
	rootObject = 7843BFC021DE5F8D00116E89 /* Project object */;
}
